{
  "requires": true,
  "lockfileVersion": 1,
  "dependencies": {
    "custom-electron-titlebar": {
      "version": "3.0.3",
      "resolved": "https://registry.npmjs.org/custom-electron-titlebar/-/custom-electron-titlebar-3.0.3.tgz",
      "integrity": "sha512-HTadSyibzzkeUnLGYBiyCnA05xC/whsOlCH2xFCi0b77/mDtGUxS2F3F1BeD1RfufqkEhNehWvUrTOzkU9A3fw=="
    },
    "jquery": {
      "version": "3.3.1",
      "resolved": "https://registry.npmjs.org/jquery/-/jquery-3.3.1.tgz",
      "integrity": "sha512-Ubldcmxp5np52/ENotGxlLe6aGMvmF4R8S6tZjsP6Knsaxd/xp3Zrh50cG93lR6nPXyUFwzN3ZSOQI0wRJNdGg=="
    }
  }
}
